// !$*UTF8*$!
{
	archiveVersion = 1;
	classes = {
	};
	objectVersion = 46;
	objects = {

/* Begin PBXBuildFile section */
		A00927CD173D6D4D000AD51E /* SRHeap.m in Sources */ = {isa = PBXBuildFile; fileRef = A00927CC173D6D4D000AD51E /* SRHeap.m */; };
		A03B4F501732ABD00056D07A /* UIKit.framework in Frameworks */ = {isa = PBXBuildFile; fileRef = A03B4F4F1732ABD00056D07A /* UIKit.framework */; };
		A03B4F521732ABD00056D07A /* Foundation.framework in Frameworks */ = {isa = PBXBuildFile; fileRef = A03B4F511732ABD00056D07A /* Foundation.framework */; };
		A03B4F541732ABD00056D07A /* CoreGraphics.framework in Frameworks */ = {isa = PBXBuildFile; fileRef = A03B4F531732ABD00056D07A /* CoreGraphics.framework */; };
		A03B4F5A1732ABD00056D07A /* InfoPlist.strings in Resources */ = {isa = PBXBuildFile; fileRef = A03B4F581732ABD00056D07A /* InfoPlist.strings */; };
		A03B4F5C1732ABD00056D07A /* main.m in Sources */ = {isa = PBXBuildFile; fileRef = A03B4F5B1732ABD00056D07A /* main.m */; };
		A03B4F601732ABD00056D07A /* AppDelegate.m in Sources */ = {isa = PBXBuildFile; fileRef = A03B4F5F1732ABD00056D07A /* AppDelegate.m */; };
		A03B4F631732ABD00056D07A /* ViewController.m in Sources */ = {isa = PBXBuildFile; fileRef = A03B4F621732ABD00056D07A /* ViewController.m */; };
		A03B4F661732ABD00056D07A /* ViewController_iPhone.xib in Resources */ = {isa = PBXBuildFile; fileRef = A03B4F641732ABD00056D07A /* ViewController_iPhone.xib */; };
		A03B4F691732ABD00056D07A /* ViewController_iPad.xib in Resources */ = {isa = PBXBuildFile; fileRef = A03B4F671732ABD00056D07A /* ViewController_iPad.xib */; };
		A0770414174A9B3E00C26D02 /* Default-568h@2x.png in Resources */ = {isa = PBXBuildFile; fileRef = A0770413174A9B3D00C26D02 /* Default-568h@2x.png */; };
/* End PBXBuildFile section */

/* Begin PBXFileReference section */
		A00927CB173D6D4D000AD51E /* SRHeap.h */ = {isa = PBXFileReference; fileEncoding = 4; lastKnownFileType = sourcecode.c.h; path = SRHeap.h; sourceTree = "<group>"; };
		A00927CC173D6D4D000AD51E /* SRHeap.m */ = {isa = PBXFileReference; fileEncoding = 4; lastKnownFileType = sourcecode.c.objc; path = SRHeap.m; sourceTree = "<group>"; };
		A03B4F4B1732ABD00056D07A /* SRHeap.app */ = {isa = PBXFileReference; explicitFileType = wrapper.application; includeInIndex = 0; path = SRHeap.app; sourceTree = BUILT_PRODUCTS_DIR; };
		A03B4F4F1732ABD00056D07A /* UIKit.framework */ = {isa = PBXFileReference; lastKnownFileType = wrapper.framework; name = UIKit.framework; path = System/Library/Frameworks/UIKit.framework; sourceTree = SDKROOT; };
		A03B4F511732ABD00056D07A /* Foundation.framework */ = {isa = PBXFileReference; lastKnownFileType = wrapper.framework; name = Foundation.framework; path = System/Library/Frameworks/Foundation.framework; sourceTree = SDKROOT; };
		A03B4F531732ABD00056D07A /* CoreGraphics.framework */ = {isa = PBXFileReference; lastKnownFileType = wrapper.framework; name = CoreGraphics.framework; path = System/Library/Frameworks/CoreGraphics.framework; sourceTree = SDKROOT; };
		A03B4F571732ABD00056D07A /* SRHeap-Info.plist */ = {isa = PBXFileReference; lastKnownFileType = text.plist.xml; path = "SRHeap-Info.plist"; sourceTree = "<group>"; };
		A03B4F591732ABD00056D07A /* en */ = {isa = PBXFileReference; lastKnownFileType = text.plist.strings; name = en; path = en.lproj/InfoPlist.strings; sourceTree = "<group>"; };
		A03B4F5B1732ABD00056D07A /* main.m */ = {isa = PBXFileReference; lastKnownFileType = sourcecode.c.objc; path = main.m; sourceTree = "<group>"; };
		A03B4F5D1732ABD00056D07A /* SRHeap-Prefix.pch */ = {isa = PBXFileReference; lastKnownFileType = sourcecode.c.h; path = "SRHeap-Prefix.pch"; sourceTree = "<group>"; };
		A03B4F5E1732ABD00056D07A /* AppDelegate.h */ = {isa = PBXFileReference; lastKnownFileType = sourcecode.c.h; path = AppDelegate.h; sourceTree = "<group>"; };
		A03B4F5F1732ABD00056D07A /* AppDelegate.m */ = {isa = PBXFileReference; lastKnownFileType = sourcecode.c.objc; path = AppDelegate.m; sourceTree = "<group>"; };
		A03B4F611732ABD00056D07A /* ViewController.h */ = {isa = PBXFileReference; lastKnownFileType = sourcecode.c.h; path = ViewController.h; sourceTree = "<group>"; };
		A03B4F621732ABD00056D07A /* ViewController.m */ = {isa = PBXFileReference; lastKnownFileType = sourcecode.c.objc; path = ViewController.m; sourceTree = "<group>"; };
		A03B4F651732ABD00056D07A /* en */ = {isa = PBXFileReference; lastKnownFileType = file.xib; name = en; path = en.lproj/ViewController_iPhone.xib; sourceTree = "<group>"; };
		A03B4F681732ABD00056D07A /* en */ = {isa = PBXFileReference; lastKnownFileType = file.xib; name = en; path = en.lproj/ViewController_iPad.xib; sourceTree = "<group>"; };
		A0770413174A9B3D00C26D02 /* Default-568h@2x.png */ = {isa = PBXFileReference; lastKnownFileType = image.png; path = "Default-568h@2x.png"; sourceTree = "<group>"; };
/* End PBXFileReference section */

/* Begin PBXFrameworksBuildPhase section */
		A03B4F481732ABD00056D07A /* Frameworks */ = {
			isa = PBXFrameworksBuildPhase;
			buildActionMask = 2147483647;
			files = (
				A03B4F501732ABD00056D07A /* UIKit.framework in Frameworks */,
				A03B4F521732ABD00056D07A /* Foundation.framework in Frameworks */,
				A03B4F541732ABD00056D07A /* CoreGraphics.framework in Frameworks */,
			);
			runOnlyForDeploymentPostprocessing = 0;
		};
/* End PBXFrameworksBuildPhase section */

/* Begin PBXGroup section */
		A03B4F401732ABD00056D07A = {
			isa = PBXGroup;
			children = (
				A0770413174A9B3D00C26D02 /* Default-568h@2x.png */,
				A00927CB173D6D4D000AD51E /* SRHeap.h */,
				A00927CC173D6D4D000AD51E /* SRHeap.m */,
				A03B4F551732ABD00056D07A /* SRHeap */,
				A03B4F4E1732ABD00056D07A /* Frameworks */,
				A03B4F4C1732ABD00056D07A /* Products */,
			);
			sourceTree = "<group>";
		};
		A03B4F4C1732ABD00056D07A /* Products */ = {
			isa = PBXGroup;
			children = (
				A03B4F4B1732ABD00056D07A /* SRHeap.app */,
			);
			name = Products;
			sourceTree = "<group>";
		};
		A03B4F4E1732ABD00056D07A /* Frameworks */ = {
			isa = PBXGroup;
			children = (
				A03B4F4F1732ABD00056D07A /* UIKit.framework */,
				A03B4F511732ABD00056D07A /* Foundation.framework */,
				A03B4F531732ABD00056D07A /* CoreGraphics.framework */,
			);
			name = Frameworks;
			sourceTree = "<group>";
		};
		A03B4F551732ABD00056D07A /* SRHeap */ = {
			isa = PBXGroup;
			children = (
				A03B4F5E1732ABD00056D07A /* AppDelegate.h */,
				A03B4F5F1732ABD00056D07A /* AppDelegate.m */,
				A03B4F611732ABD00056D07A /* ViewController.h */,
				A03B4F621732ABD00056D07A /* ViewController.m */,
				A03B4F641732ABD00056D07A /* ViewController_iPhone.xib */,
				A03B4F671732ABD00056D07A /* ViewController_iPad.xib */,
				A03B4F561732ABD00056D07A /* Supporting Files */,
			);
			path = SRHeap;
			sourceTree = "<group>";
		};
		A03B4F561732ABD00056D07A /* Supporting Files */ = {
			isa = PBXGroup;
			children = (
				A03B4F571732ABD00056D07A /* SRHeap-Info.plist */,
				A03B4F581732ABD00056D07A /* InfoPlist.strings */,
				A03B4F5B1732ABD00056D07A /* main.m */,
				A03B4F5D1732ABD00056D07A /* SRHeap-Prefix.pch */,
			);
			name = "Supporting Files";
			sourceTree = "<group>";
		};
/* End PBXGroup section */

/* Begin PBXNativeTarget section */
		A03B4F4A1732ABD00056D07A /* SRHeap */ = {
			isa = PBXNativeTarget;
			buildConfigurationList = A03B4F6C1732ABD00056D07A /* Build configuration list for PBXNativeTarget "SRHeap" */;
			buildPhases = (
				A03B4F471732ABD00056D07A /* Sources */,
				A03B4F481732ABD00056D07A /* Frameworks */,
				A03B4F491732ABD00056D07A /* Resources */,
			);
			buildRules = (
			);
			dependencies = (
			);
			name = SRHeap;
			productName = SRHeap;
			productReference = A03B4F4B1732ABD00056D07A /* SRHeap.app */;
			productType = "com.apple.product-type.application";
		};
/* End PBXNativeTarget section */

/* Begin PBXProject section */
		A03B4F421732ABD00056D07A /* Project object */ = {
			isa = PBXProject;
			attributes = {
				LastUpgradeCheck = 0460;
				ORGANIZATIONNAME = SRAVAN;
			};
			buildConfigurationList = A03B4F451732ABD00056D07A /* Build configuration list for PBXProject "SRHeap" */;
			compatibilityVersion = "Xcode 3.2";
			developmentRegion = English;
			hasScannedForEncodings = 0;
			knownRegions = (
				en,
			);
			mainGroup = A03B4F401732ABD00056D07A;
			productRefGroup = A03B4F4C1732ABD00056D07A /* Products */;
			projectDirPath = "";
			projectRoot = "";
			targets = (
				A03B4F4A1732ABD00056D07A /* SRHeap */,
			);
		};
/* End PBXProject section */

/* Begin PBXResourcesBuildPhase section */
		A03B4F491732ABD00056D07A /* Resources */ = {
			isa = PBXResourcesBuildPhase;
			buildActionMask = 2147483647;
			files = (
				A03B4F5A1732ABD00056D07A /* InfoPlist.strings in Resources */,
				A03B4F661732ABD00056D07A /* ViewController_iPhone.xib in Resources */,
				A03B4F691732ABD00056D07A /* ViewController_iPad.xib in Resources */,
				A0770414174A9B3E00C26D02 /* Default-568h@2x.png in Resources */,
			);
			runOnlyForDeploymentPostprocessing = 0;
		};
/* End PBXResourcesBuildPhase section */

/* Begin PBXSourcesBuildPhase section */
		A03B4F471732ABD00056D07A /* Sources */ = {
			isa = PBXSourcesBuildPhase;
			buildActionMask = 2147483647;
			files = (
				A03B4F5C1732ABD00056D07A /* main.m in Sources */,
				A03B4F601732ABD00056D07A /* AppDelegate.m in Sources */,
				A03B4F631732ABD00056D07A /* ViewController.m in Sources */,
				A00927CD173D6D4D000AD51E /* SRHeap.m in Sources */,
			);
			runOnlyForDeploymentPostprocessing = 0;
		};
/* End PBXSourcesBuildPhase section */

/* Begin PBXVariantGroup section */
		A03B4F581732ABD00056D07A /* InfoPlist.strings */ = {
			isa = PBXVariantGroup;
			children = (
				A03B4F591732ABD00056D07A /* en */,
			);
			name = InfoPlist.strings;
			sourceTree = "<group>";
		};
		A03B4F641732ABD00056D07A /* ViewController_iPhone.xib */ = {
			isa = PBXVariantGroup;
			children = (
				A03B4F651732ABD00056D07A /* en */,
			);
			name = ViewController_iPhone.xib;
			sourceTree = "<group>";
		};
		A03B4F671732ABD00056D07A /* ViewController_iPad.xib */ = {
			isa = PBXVariantGroup;
			children = (
				A03B4F681732ABD00056D07A /* en */,
			);
			name = ViewController_iPad.xib;
			sourceTree = "<group>";
		};
/* End PBXVariantGroup section */

/* Begin XCBuildConfiguration section */
		A03B4F6A1732ABD00056D07A /* Debug */ = {
			isa = XCBuildConfiguration;
			buildSettings = {
				ALWAYS_SEARCH_USER_PATHS = NO;
				ARCHS = "$(ARCHS_STANDARD_32_BIT)";
				CLANG_CXX_LANGUAGE_STANDARD = "gnu++0x";
				CLANG_WARN_CONSTANT_CONVERSION = YES;
				CLANG_WARN_ENUM_CONVERSION = YES;
				CLANG_WARN_INT_CONVERSION = YES;
				CLANG_WARN__DUPLICATE_METHOD_MATCH = YES;
				"CODE_SIGN_IDENTITY[sdk=iphoneos*]" = "iPhone Developer";
				COPY_PHASE_STRIP = NO;
				GCC_C_LANGUAGE_STANDARD = gnu99;
				GCC_DYNAMIC_NO_PIC = NO;
				GCC_OPTIMIZATION_LEVEL = 0;
				GCC_PREPROCESSOR_DEFINITIONS = (
					"DEBUG=1",
					"$(inherited)",
				);
				GCC_SYMBOLS_PRIVATE_EXTERN = NO;
				GCC_VERSION = com.apple.compilers.llvm.clang.1_0;
				GCC_WARN_ABOUT_RETURN_TYPE = YES;
				GCC_WARN_UNINITIALIZED_AUTOS = YES;
				GCC_WARN_UNUSED_VARIABLE = YES;
				IPHONEOS_DEPLOYMENT_TARGET = 5.1;
				SDKROOT = iphoneos;
				TARGETED_DEVICE_FAMILY = "1,2";
			};
			name = Debug;
		};
		A03B4F6B1732ABD00056D07A /* Release */ = {
			isa = XCBuildConfiguration;
			buildSettings = {
				ALWAYS_SEARCH_USER_PATHS = NO;
				ARCHS = "$(ARCHS_STANDARD_32_BIT)";
				CLANG_CXX_LANGUAGE_STANDARD = "gnu++0x";
				CLANG_WARN_CONSTANT_CONVERSION = YES;
				CLANG_WARN_ENUM_CONVERSION = YES;
				CLANG_WARN_INT_CONVERSION = YES;
				CLANG_WARN__DUPLICATE_METHOD_MATCH = YES;
				"CODE_SIGN_IDENTITY[sdk=iphoneos*]" = "iPhone Developer";
				COPY_PHASE_STRIP = YES;
				GCC_C_LANGUAGE_STANDARD = gnu99;
				GCC_VERSION = com.apple.compilers.llvm.clang.1_0;
				GCC_WARN_ABOUT_RETURN_TYPE = YES;
				GCC_WARN_UNINITIALIZED_AUTOS = YES;
				GCC_WARN_UNUSED_VARIABLE = YES;
				IPHONEOS_DEPLOYMENT_TARGET = 5.1;
				OTHER_CFLAGS = "-DNS_BLOCK_ASSERTIONS=1";
				SDKROOT = iphoneos;
				TARGETED_DEVICE_FAMILY = "1,2";
				VALIDATE_PRODUCT = YES;
			};
			name = Release;
		};
		A03B4F6D1732ABD00056D07A /* Debug */ = {
			isa = XCBuildConfiguration;
			buildSettings = {
				GCC_PRECOMPILE_PREFIX_HEADER = YES;
				GCC_PREFIX_HEADER = "SRHeap/SRHeap-Prefix.pch";
				INFOPLIST_FILE = "SRHeap/SRHeap-Info.plist";
				PRODUCT_NAME = "$(TARGET_NAME)";
				WRAPPER_EXTENSION = app;
			};
			name = Debug;
		};
		A03B4F6E1732ABD00056D07A /* Release */ = {
			isa = XCBuildConfiguration;
			buildSettings = {
				GCC_PRECOMPILE_PREFIX_HEADER = YES;
				GCC_PREFIX_HEADER = "SRHeap/SRHeap-Prefix.pch";
				INFOPLIST_FILE = "SRHeap/SRHeap-Info.plist";
				PRODUCT_NAME = "$(TARGET_NAME)";
				WRAPPER_EXTENSION = app;
			};
			name = Release;
		};
/* End XCBuildConfiguration section */

/* Begin XCConfigurationList section */
		A03B4F451732ABD00056D07A /* Build configuration list for PBXProject "SRHeap" */ = {
			isa = XCConfigurationList;
			buildConfigurations = (
				A03B4F6A1732ABD00056D07A /* Debug */,
				A03B4F6B1732ABD00056D07A /* Release */,
			);
			defaultConfigurationIsVisible = 0;
			defaultConfigurationName = Release;
		};
		A03B4F6C1732ABD00056D07A /* Build configuration list for PBXNativeTarget "SRHeap" */ = {
			isa = XCConfigurationList;
			buildConfigurations = (
				A03B4F6D1732ABD00056D07A /* Debug */,
				A03B4F6E1732ABD00056D07A /* Release */,
			);
			defaultConfigurationIsVisible = 0;
			defaultConfigurationName = Release;
		};
/* End XCConfigurationList section */
	};
	rootObject = A03B4F421732ABD00056D07A /* Project object */;
}
